// !$*UTF8*$!
{
	archiveVersion = 1;
	classes = {
	};
	objectVersion = 51;
	objects = {

/* Begin PBXBuildFile section */
		624D75EE25F2798700A99B79 /* PopularSpacesViewController.swift in Sources */ = {isa = PBXBuildFile; fileRef = 624D75EC25F2798700A99B79 /* PopularSpacesViewController.swift */; };
		624D75EF25F2798700A99B79 /* PopularSpacesViewController.xib in Resources */ = {isa = PBXBuildFile; fileRef = 624D75ED25F2798700A99B79 /* PopularSpacesViewController.xib */; };
		624D75F425F2799500A99B79 /* DetailsViewController.swift in Sources */ = {isa = PBXBuildFile; fileRef = 624D75F225F2799500A99B79 /* DetailsViewController.swift */; };
		624D75F525F2799500A99B79 /* DetailsViewController.xib in Resources */ = {isa = PBXBuildFile; fileRef = 624D75F325F2799500A99B79 /* DetailsViewController.xib */; };
		624D75F925F279C800A99B79 /* DashboardFindViewController.swift in Sources */ = {isa = PBXBuildFile; fileRef = 624D75F725F279C800A99B79 /* DashboardFindViewController.swift */; };
		624D75FA25F279C800A99B79 /* DashboardFindViewController.xib in Resources */ = {isa = PBXBuildFile; fileRef = 624D75F825F279C800A99B79 /* DashboardFindViewController.xib */; };
		624D763825F4417C00A99B79 /* SettingsViewController.swift in Sources */ = {isa = PBXBuildFile; fileRef = 624D763625F4417C00A99B79 /* SettingsViewController.swift */; };
		624D763925F4417C00A99B79 /* SettingsViewController.xib in Resources */ = {isa = PBXBuildFile; fileRef = 624D763725F4417C00A99B79 /* SettingsViewController.xib */; };
		624D764225F44A4A00A99B79 /* HomeViewController.swift in Sources */ = {isa = PBXBuildFile; fileRef = 624D764025F44A4A00A99B79 /* HomeViewController.swift */; };
		624D764325F44A4A00A99B79 /* HomeViewController.xib in Resources */ = {isa = PBXBuildFile; fileRef = 624D764125F44A4A00A99B79 /* HomeViewController.xib */; };
		624D764725F4505100A99B79 /* CustomCellCollectionView.swift in Sources */ = {isa = PBXBuildFile; fileRef = 624D764525F4505100A99B79 /* CustomCellCollectionView.swift */; };
		624D764825F4505100A99B79 /* CustomCellCollectionView.xib in Resources */ = {isa = PBXBuildFile; fileRef = 624D764625F4505100A99B79 /* CustomCellCollectionView.xib */; };
		624D764C25F453A300A99B79 /* CustomCellTableView.swift in Sources */ = {isa = PBXBuildFile; fileRef = 624D764A25F453A300A99B79 /* CustomCellTableView.swift */; };
		624D764D25F453A300A99B79 /* CustomCellTableView.xib in Resources */ = {isa = PBXBuildFile; fileRef = 624D764B25F453A300A99B79 /* CustomCellTableView.xib */; };
		624D765E25F80CB900A99B79 /* TabBarViewController.swift in Sources */ = {isa = PBXBuildFile; fileRef = 624D765C25F80CB900A99B79 /* TabBarViewController.swift */; };
		624D765F25F80CB900A99B79 /* TabBarViewController.xib in Resources */ = {isa = PBXBuildFile; fileRef = 624D765D25F80CB900A99B79 /* TabBarViewController.xib */; };
		628281B525FE5787002A73E7 /* StorageManager.swift in Sources */ = {isa = PBXBuildFile; fileRef = 628281B425FE5787002A73E7 /* StorageManager.swift */; };
		628281BE25FE6506002A73E7 /* GoogleService-Info.plist in Resources */ = {isa = PBXBuildFile; fileRef = 628281BD25FE6506002A73E7 /* GoogleService-Info.plist */; };
		62BB7F3C25FEC07D00CBE575 /* TableViewCustomCell.xib in Resources */ = {isa = PBXBuildFile; fileRef = 62E3C37D25FDA4C20013363C /* TableViewCustomCell.xib */; };
		62CE8BD225FBD0E500E5ABFE /* SpacesDataManager.swift in Sources */ = {isa = PBXBuildFile; fileRef = 62CE8BD125FBD0E500E5ABFE /* SpacesDataManager.swift */; };
		62E3C2F425FC32EE0013363C /* SpacesDatabaseInsert.swift in Sources */ = {isa = PBXBuildFile; fileRef = 62E3C2F325FC32EE0013363C /* SpacesDatabaseInsert.swift */; };
		62E3C32325FCE8EB0013363C /* CustomCellDashboardTableView.swift in Sources */ = {isa = PBXBuildFile; fileRef = 62E3C32125FCE8EB0013363C /* CustomCellDashboardTableView.swift */; };
		62E3C32425FCE8EB0013363C /* CustomCellDashboardTableView.xib in Resources */ = {isa = PBXBuildFile; fileRef = 62E3C32225FCE8EB0013363C /* CustomCellDashboardTableView.xib */; };
		62E3C37E25FDA4C20013363C /* TableViewCustomCell.swift in Sources */ = {isa = PBXBuildFile; fileRef = 62E3C37C25FDA4C20013363C /* TableViewCustomCell.swift */; };
		62ED7A4125F038C300EEADFD /* AppDelegate.swift in Sources */ = {isa = PBXBuildFile; fileRef = 62ED7A4025F038C300EEADFD /* AppDelegate.swift */; };
		62ED7A4325F038C300EEADFD /* SceneDelegate.swift in Sources */ = {isa = PBXBuildFile; fileRef = 62ED7A4225F038C300EEADFD /* SceneDelegate.swift */; };
		62ED7A4825F038C300EEADFD /* Main.storyboard in Resources */ = {isa = PBXBuildFile; fileRef = 62ED7A4625F038C300EEADFD /* Main.storyboard */; };
		62ED7A4A25F038C500EEADFD /* Assets.xcassets in Resources */ = {isa = PBXBuildFile; fileRef = 62ED7A4925F038C500EEADFD /* Assets.xcassets */; };
		62ED7A4D25F038C500EEADFD /* LaunchScreen.storyboard in Resources */ = {isa = PBXBuildFile; fileRef = 62ED7A4B25F038C500EEADFD /* LaunchScreen.storyboard */; };
		62ED7A5925F039CE00EEADFD /* EntryAuthenticationViewController.swift in Sources */ = {isa = PBXBuildFile; fileRef = 62ED7A5725F039CE00EEADFD /* EntryAuthenticationViewController.swift */; };
		62ED7A5A25F039CE00EEADFD /* EntryAuthenticationViewController.xib in Resources */ = {isa = PBXBuildFile; fileRef = 62ED7A5825F039CE00EEADFD /* EntryAuthenticationViewController.xib */; };
		62ED7A6125F039EC00EEADFD /* LoginViewController.swift in Sources */ = {isa = PBXBuildFile; fileRef = 62ED7A5F25F039EC00EEADFD /* LoginViewController.swift */; };
		62ED7A6225F039EC00EEADFD /* LoginViewController.xib in Resources */ = {isa = PBXBuildFile; fileRef = 62ED7A6025F039EC00EEADFD /* LoginViewController.xib */; };
		62ED7A6825F03A0000EEADFD /* RegisterViewController.swift in Sources */ = {isa = PBXBuildFile; fileRef = 62ED7A6625F03A0000EEADFD /* RegisterViewController.swift */; };
		62ED7A6925F03A0000EEADFD /* RegisterViewController.xib in Resources */ = {isa = PBXBuildFile; fileRef = 62ED7A6725F03A0000EEADFD /* RegisterViewController.xib */; };
		62ED7A6F25F03A1F00EEADFD /* PhoneVerificationViewController.swift in Sources */ = {isa = PBXBuildFile; fileRef = 62ED7A6D25F03A1F00EEADFD /* PhoneVerificationViewController.swift */; };
		62ED7A7025F03A1F00EEADFD /* PhoneVerificationViewController.xib in Resources */ = {isa = PBXBuildFile; fileRef = 62ED7A6E25F03A1F00EEADFD /* PhoneVerificationViewController.xib */; };
		62ED7AB625F05B5100EEADFD /* UserDatabaseManager.swift in Sources */ = {isa = PBXBuildFile; fileRef = 62ED7AB525F05B5100EEADFD /* UserDatabaseManager.swift */; };
		76CD038C659BDF0F6B458B62 /* Pods_Spaound.framework in Frameworks */ = {isa = PBXBuildFile; fileRef = 785BEBD8234CBBFEDD03B35C /* Pods_Spaound.framework */; };
/* End PBXBuildFile section */

/* Begin PBXFileReference section */
		1DC93737D3E9B9BE20A88067 /* Pods-Spaound.debug.xcconfig */ = {isa = PBXFileReference; includeInIndex = 1; lastKnownFileType = text.xcconfig; name = "Pods-Spaound.debug.xcconfig"; path = "Target Support Files/Pods-Spaound/Pods-Spaound.debug.xcconfig"; sourceTree = "<group>"; };
		624D75EC25F2798700A99B79 /* PopularSpacesViewController.swift */ = {isa = PBXFileReference; lastKnownFileType = sourcecode.swift; path = PopularSpacesViewController.swift; sourceTree = "<group>"; };
		624D75ED25F2798700A99B79 /* PopularSpacesViewController.xib */ = {isa = PBXFileReference; lastKnownFileType = file.xib; path = PopularSpacesViewController.xib; sourceTree = "<group>"; };
		624D75F225F2799500A99B79 /* DetailsViewController.swift */ = {isa = PBXFileReference; lastKnownFileType = sourcecode.swift; path = DetailsViewController.swift; sourceTree = "<group>"; };
		624D75F325F2799500A99B79 /* DetailsViewController.xib */ = {isa = PBXFileReference; lastKnownFileType = file.xib; path = DetailsViewController.xib; sourceTree = "<group>"; };
		624D75F725F279C800A99B79 /* DashboardFindViewController.swift */ = {isa = PBXFileReference; lastKnownFileType = sourcecode.swift; path = DashboardFindViewController.swift; sourceTree = "<group>"; };
		624D75F825F279C800A99B79 /* DashboardFindViewController.xib */ = {isa = PBXFileReference; lastKnownFileType = file.xib; path = DashboardFindViewController.xib; sourceTree = "<group>"; };
		624D763625F4417C00A99B79 /* SettingsViewController.swift */ = {isa = PBXFileReference; lastKnownFileType = sourcecode.swift; path = SettingsViewController.swift; sourceTree = "<group>"; };
		624D763725F4417C00A99B79 /* SettingsViewController.xib */ = {isa = PBXFileReference; lastKnownFileType = file.xib; path = SettingsViewController.xib; sourceTree = "<group>"; };
		624D764025F44A4A00A99B79 /* HomeViewController.swift */ = {isa = PBXFileReference; lastKnownFileType = sourcecode.swift; path = HomeViewController.swift; sourceTree = "<group>"; };
		624D764125F44A4A00A99B79 /* HomeViewController.xib */ = {isa = PBXFileReference; lastKnownFileType = file.xib; path = HomeViewController.xib; sourceTree = "<group>"; };
		624D764525F4505100A99B79 /* CustomCellCollectionView.swift */ = {isa = PBXFileReference; lastKnownFileType = sourcecode.swift; path = CustomCellCollectionView.swift; sourceTree = "<group>"; };
		624D764625F4505100A99B79 /* CustomCellCollectionView.xib */ = {isa = PBXFileReference; lastKnownFileType = file.xib; path = CustomCellCollectionView.xib; sourceTree = "<group>"; };
		624D764A25F453A300A99B79 /* CustomCellTableView.swift */ = {isa = PBXFileReference; lastKnownFileType = sourcecode.swift; path = CustomCellTableView.swift; sourceTree = "<group>"; };
		624D764B25F453A300A99B79 /* CustomCellTableView.xib */ = {isa = PBXFileReference; lastKnownFileType = file.xib; path = CustomCellTableView.xib; sourceTree = "<group>"; };
		624D765C25F80CB900A99B79 /* TabBarViewController.swift */ = {isa = PBXFileReference; lastKnownFileType = sourcecode.swift; path = TabBarViewController.swift; sourceTree = "<group>"; };
		624D765D25F80CB900A99B79 /* TabBarViewController.xib */ = {isa = PBXFileReference; lastKnownFileType = file.xib; path = TabBarViewController.xib; sourceTree = "<group>"; };
		628281B425FE5787002A73E7 /* StorageManager.swift */ = {isa = PBXFileReference; lastKnownFileType = sourcecode.swift; path = StorageManager.swift; sourceTree = "<group>"; };
		628281BD25FE6506002A73E7 /* GoogleService-Info.plist */ = {isa = PBXFileReference; fileEncoding = 4; lastKnownFileType = text.plist.xml; name = "GoogleService-Info.plist"; path = "../../../.Trash/GoogleService-Info.plist"; sourceTree = "<group>"; };
		62CE8BD125FBD0E500E5ABFE /* SpacesDataManager.swift */ = {isa = PBXFileReference; lastKnownFileType = sourcecode.swift; path = SpacesDataManager.swift; sourceTree = "<group>"; };
		62E3C2F325FC32EE0013363C /* SpacesDatabaseInsert.swift */ = {isa = PBXFileReference; lastKnownFileType = sourcecode.swift; path = SpacesDatabaseInsert.swift; sourceTree = "<group>"; };
		62E3C32125FCE8EB0013363C /* CustomCellDashboardTableView.swift */ = {isa = PBXFileReference; lastKnownFileType = sourcecode.swift; path = CustomCellDashboardTableView.swift; sourceTree = "<group>"; };
		62E3C32225FCE8EB0013363C /* CustomCellDashboardTableView.xib */ = {isa = PBXFileReference; lastKnownFileType = file.xib; path = CustomCellDashboardTableView.xib; sourceTree = "<group>"; };
		62E3C37C25FDA4C20013363C /* TableViewCustomCell.swift */ = {isa = PBXFileReference; lastKnownFileType = sourcecode.swift; path = TableViewCustomCell.swift; sourceTree = "<group>"; };
		62E3C37D25FDA4C20013363C /* TableViewCustomCell.xib */ = {isa = PBXFileReference; lastKnownFileType = file.xib; path = TableViewCustomCell.xib; sourceTree = "<group>"; };
		62ED7A3D25F038C300EEADFD /* Spaound.app */ = {isa = PBXFileReference; explicitFileType = wrapper.application; includeInIndex = 0; path = Spaound.app; sourceTree = BUILT_PRODUCTS_DIR; };
		62ED7A4025F038C300EEADFD /* AppDelegate.swift */ = {isa = PBXFileReference; lastKnownFileType = sourcecode.swift; path = AppDelegate.swift; sourceTree = "<group>"; };
		62ED7A4225F038C300EEADFD /* SceneDelegate.swift */ = {isa = PBXFileReference; lastKnownFileType = sourcecode.swift; path = SceneDelegate.swift; sourceTree = "<group>"; };
		62ED7A4725F038C300EEADFD /* Base */ = {isa = PBXFileReference; lastKnownFileType = file.storyboard; name = Base; path = Base.lproj/Main.storyboard; sourceTree = "<group>"; };
		62ED7A4925F038C500EEADFD /* Assets.xcassets */ = {isa = PBXFileReference; lastKnownFileType = folder.assetcatalog; path = Assets.xcassets; sourceTree = "<group>"; };
		62ED7A4C25F038C500EEADFD /* Base */ = {isa = PBXFileReference; lastKnownFileType = file.storyboard; name = Base; path = Base.lproj/LaunchScreen.storyboard; sourceTree = "<group>"; };
		62ED7A4E25F038C500EEADFD /* Info.plist */ = {isa = PBXFileReference; lastKnownFileType = text.plist.xml; path = Info.plist; sourceTree = "<group>"; };
		62ED7A5725F039CE00EEADFD /* EntryAuthenticationViewController.swift */ = {isa = PBXFileReference; lastKnownFileType = sourcecode.swift; path = EntryAuthenticationViewController.swift; sourceTree = "<group>"; };
		62ED7A5825F039CE00EEADFD /* EntryAuthenticationViewController.xib */ = {isa = PBXFileReference; lastKnownFileType = file.xib; path = EntryAuthenticationViewController.xib; sourceTree = "<group>"; };
		62ED7A5F25F039EC00EEADFD /* LoginViewController.swift */ = {isa = PBXFileReference; lastKnownFileType = sourcecode.swift; path = LoginViewController.swift; sourceTree = "<group>"; };
		62ED7A6025F039EC00EEADFD /* LoginViewController.xib */ = {isa = PBXFileReference; lastKnownFileType = file.xib; path = LoginViewController.xib; sourceTree = "<group>"; };
		62ED7A6625F03A0000EEADFD /* RegisterViewController.swift */ = {isa = PBXFileReference; lastKnownFileType = sourcecode.swift; path = RegisterViewController.swift; sourceTree = "<group>"; };
		62ED7A6725F03A0000EEADFD /* RegisterViewController.xib */ = {isa = PBXFileReference; lastKnownFileType = file.xib; path = RegisterViewController.xib; sourceTree = "<group>"; };
		62ED7A6D25F03A1F00EEADFD /* PhoneVerificationViewController.swift */ = {isa = PBXFileReference; lastKnownFileType = sourcecode.swift; path = PhoneVerificationViewController.swift; sourceTree = "<group>"; };
		62ED7A6E25F03A1F00EEADFD /* PhoneVerificationViewController.xib */ = {isa = PBXFileReference; lastKnownFileType = file.xib; path = PhoneVerificationViewController.xib; sourceTree = "<group>"; };
		62ED7AB525F05B5100EEADFD /* UserDatabaseManager.swift */ = {isa = PBXFileReference; lastKnownFileType = sourcecode.swift; path = UserDatabaseManager.swift; sourceTree = "<group>"; };
		62ED7ACC25F1762900EEADFD /* Spaound.entitlements */ = {isa = PBXFileReference; lastKnownFileType = text.plist.entitlements; path = Spaound.entitlements; sourceTree = "<group>"; };
		6D51D75B69A192B95479B415 /* Pods-Spaound.release.xcconfig */ = {isa = PBXFileReference; includeInIndex = 1; lastKnownFileType = text.xcconfig; name = "Pods-Spaound.release.xcconfig"; path = "Target Support Files/Pods-Spaound/Pods-Spaound.release.xcconfig"; sourceTree = "<group>"; };
		785BEBD8234CBBFEDD03B35C /* Pods_Spaound.framework */ = {isa = PBXFileReference; explicitFileType = wrapper.framework; includeInIndex = 0; path = Pods_Spaound.framework; sourceTree = BUILT_PRODUCTS_DIR; };
/* End PBXFileReference section */

/* Begin PBXFrameworksBuildPhase section */
		62ED7A3A25F038C300EEADFD /* Frameworks */ = {
			isa = PBXFrameworksBuildPhase;
			buildActionMask = 2147483647;
			files = (
				76CD038C659BDF0F6B458B62 /* Pods_Spaound.framework in Frameworks */,
			);
			runOnlyForDeploymentPostprocessing = 0;
		};
/* End PBXFrameworksBuildPhase section */

/* Begin PBXGroup section */
		624D75E625F2785D00A99B79 /* Popular Spaces */ = {
			isa = PBXGroup;
			children = (
				624D75EC25F2798700A99B79 /* PopularSpacesViewController.swift */,
				624D75ED25F2798700A99B79 /* PopularSpacesViewController.xib */,
				62E3C37C25FDA4C20013363C /* TableViewCustomCell.swift */,
				62E3C37D25FDA4C20013363C /* TableViewCustomCell.xib */,
			);
			path = "Popular Spaces";
			sourceTree = "<group>";
		};
		624D75E725F2786400A99B79 /* Details */ = {
			isa = PBXGroup;
			children = (
				624D75F225F2799500A99B79 /* DetailsViewController.swift */,
				624D75F325F2799500A99B79 /* DetailsViewController.xib */,
			);
			path = Details;
			sourceTree = "<group>";
		};
		624D75E825F278A200A99B79 /* Home Controllers */ = {
			isa = PBXGroup;
			children = (
				62ED7A7325F03A2900EEADFD /* Home */,
				624D75E625F2785D00A99B79 /* Popular Spaces */,
				624D75E725F2786400A99B79 /* Details */,
			);
			path = "Home Controllers";
			sourceTree = "<group>";
		};
		624D75E925F278CC00A99B79 /* Authentication Controllers */ = {
			isa = PBXGroup;
			children = (
				62ED7A5625F039BD00EEADFD /* Entry Authentication */,
				62ED7A5E25F039DD00EEADFD /* Login */,
				62ED7A6525F039F000EEADFD /* Register */,
				62ED7A6C25F03A0500EEADFD /* Phone Verification */,
			);
			path = "Authentication Controllers";
			sourceTree = "<group>";
		};
		624D75EB25F278FF00A99B79 /* Dashboard Find */ = {
			isa = PBXGroup;
			children = (
				624D75F725F279C800A99B79 /* DashboardFindViewController.swift */,
				624D75F825F279C800A99B79 /* DashboardFindViewController.xib */,
				62E3C32125FCE8EB0013363C /* CustomCellDashboardTableView.swift */,
				62E3C32225FCE8EB0013363C /* CustomCellDashboardTableView.xib */,
			);
			name = "Dashboard Find";
			sourceTree = "<group>";
		};
		624D762D25F43FDC00A99B79 /* Settings */ = {
			isa = PBXGroup;
			children = (
				624D763625F4417C00A99B79 /* SettingsViewController.swift */,
				624D763725F4417C00A99B79 /* SettingsViewController.xib */,
			);
			name = Settings;
			path = ..;
			sourceTree = "<group>";
		};
		624D766825F903F300A99B79 /* Custom Cells */ = {
			isa = PBXGroup;
			children = (
				624D764525F4505100A99B79 /* CustomCellCollectionView.swift */,
				624D764625F4505100A99B79 /* CustomCellCollectionView.xib */,
				624D764A25F453A300A99B79 /* CustomCellTableView.swift */,
				624D764B25F453A300A99B79 /* CustomCellTableView.xib */,
			);
			path = "Custom Cells";
			sourceTree = "<group>";
		};
		628281B325FE576A002A73E7 /* Storage Management  */ = {
			isa = PBXGroup;
			children = (
				628281B425FE5787002A73E7 /* StorageManager.swift */,
			);
			name = "Storage Management ";
			sourceTree = "<group>";
		};
		62E3C2EF25FC222A0013363C /* Database Management  */ = {
			isa = PBXGroup;
			children = (
				62ED7AB525F05B5100EEADFD /* UserDatabaseManager.swift */,
				62CE8BD125FBD0E500E5ABFE /* SpacesDataManager.swift */,
				62E3C2F325FC32EE0013363C /* SpacesDatabaseInsert.swift */,
			);
			name = "Database Management ";
			sourceTree = "<group>";
		};
		62ED7A3425F038C300EEADFD = {
			isa = PBXGroup;
			children = (
				62ED7A3F25F038C300EEADFD /* Spaound */,
				62ED7A3E25F038C300EEADFD /* Products */,
				6EE27C141908F25080284E99 /* Pods */,
				C33B2B73EFEB6301F969D17E /* Frameworks */,
			);
			sourceTree = "<group>";
		};
		62ED7A3E25F038C300EEADFD /* Products */ = {
			isa = PBXGroup;
			children = (
				62ED7A3D25F038C300EEADFD /* Spaound.app */,
			);
			name = Products;
			sourceTree = "<group>";
		};
		62ED7A3F25F038C300EEADFD /* Spaound */ = {
			isa = PBXGroup;
			children = (
				62ED7ACC25F1762900EEADFD /* Spaound.entitlements */,
				62ED7A5525F039AE00EEADFD /* Controllers */,
				62ED7A7B25F03A5D00EEADFD /* Views */,
				62ED7A7A25F03A4700EEADFD /* Resources */,
				62ED7A4E25F038C500EEADFD /* Info.plist */,
				628281BD25FE6506002A73E7 /* GoogleService-Info.plist */,
			);
			path = Spaound;
			sourceTree = "<group>";
		};
		62ED7A5525F039AE00EEADFD /* Controllers */ = {
			isa = PBXGroup;
			children = (
				624D75E925F278CC00A99B79 /* Authentication Controllers */,
				624D75E825F278A200A99B79 /* Home Controllers */,
				624D75EB25F278FF00A99B79 /* Dashboard Find */,
				624D762D25F43FDC00A99B79 /* Settings */,
			);
			path = Controllers;
			sourceTree = "<group>";
		};
		62ED7A5625F039BD00EEADFD /* Entry Authentication */ = {
			isa = PBXGroup;
			children = (
				62ED7A5725F039CE00EEADFD /* EntryAuthenticationViewController.swift */,
				62ED7A5825F039CE00EEADFD /* EntryAuthenticationViewController.xib */,
			);
			path = "Entry Authentication";
			sourceTree = "<group>";
		};
		62ED7A5E25F039DD00EEADFD /* Login */ = {
			isa = PBXGroup;
			children = (
				62ED7A5F25F039EC00EEADFD /* LoginViewController.swift */,
				62ED7A6025F039EC00EEADFD /* LoginViewController.xib */,
			);
			name = Login;
			path = ..;
			sourceTree = "<group>";
		};
		62ED7A6525F039F000EEADFD /* Register */ = {
			isa = PBXGroup;
			children = (
				62ED7A6625F03A0000EEADFD /* RegisterViewController.swift */,
				62ED7A6725F03A0000EEADFD /* RegisterViewController.xib */,
			);
			name = Register;
			path = ..;
			sourceTree = "<group>";
		};
		62ED7A6C25F03A0500EEADFD /* Phone Verification */ = {
			isa = PBXGroup;
			children = (
				62ED7A6D25F03A1F00EEADFD /* PhoneVerificationViewController.swift */,
				62ED7A6E25F03A1F00EEADFD /* PhoneVerificationViewController.xib */,
			);
			path = "Phone Verification";
			sourceTree = "<group>";
		};
		62ED7A7325F03A2900EEADFD /* Home */ = {
			isa = PBXGroup;
			children = (
				624D764025F44A4A00A99B79 /* HomeViewController.swift */,
				624D764125F44A4A00A99B79 /* HomeViewController.xib */,
				624D766825F903F300A99B79 /* Custom Cells */,
				624D765C25F80CB900A99B79 /* TabBarViewController.swift */,
				624D765D25F80CB900A99B79 /* TabBarViewController.xib */,
			);
			name = Home;
			path = ..;
			sourceTree = "<group>";
		};
		62ED7A7A25F03A4700EEADFD /* Resources */ = {
			isa = PBXGroup;
			children = (
				628281B325FE576A002A73E7 /* Storage Management  */,
				62E3C2EF25FC222A0013363C /* Database Management  */,
				62ED7A4025F038C300EEADFD /* AppDelegate.swift */,
				62ED7A4225F038C300EEADFD /* SceneDelegate.swift */,
			);
			name = Resources;
			sourceTree = "<group>";
		};
		62ED7A7B25F03A5D00EEADFD /* Views */ = {
			isa = PBXGroup;
			children = (
				62ED7A7C25F03A6C00EEADFD /* Storyboards */,
				62ED7A4925F038C500EEADFD /* Assets.xcassets */,
			);
			name = Views;
			sourceTree = "<group>";
		};
		62ED7A7C25F03A6C00EEADFD /* Storyboards */ = {
			isa = PBXGroup;
			children = (
				62ED7A4625F038C300EEADFD /* Main.storyboard */,
				62ED7A4B25F038C500EEADFD /* LaunchScreen.storyboard */,
			);
			path = Storyboards;
			sourceTree = "<group>";
		};
		6EE27C141908F25080284E99 /* Pods */ = {
			isa = PBXGroup;
			children = (
				1DC93737D3E9B9BE20A88067 /* Pods-Spaound.debug.xcconfig */,
				6D51D75B69A192B95479B415 /* Pods-Spaound.release.xcconfig */,
			);
			path = Pods;
			sourceTree = "<group>";
		};
		C33B2B73EFEB6301F969D17E /* Frameworks */ = {
			isa = PBXGroup;
			children = (
				785BEBD8234CBBFEDD03B35C /* Pods_Spaound.framework */,
			);
			name = Frameworks;
			sourceTree = "<group>";
		};
/* End PBXGroup section */

/* Begin PBXNativeTarget section */
		62ED7A3C25F038C300EEADFD /* Spaound */ = {
			isa = PBXNativeTarget;
			buildConfigurationList = 62ED7A5125F038C500EEADFD /* Build configuration list for PBXNativeTarget "Spaound" */;
			buildPhases = (
				F4FBE32B6564923A958C7CB5 /* [CP] Check Pods Manifest.lock */,
				62ED7A3925F038C300EEADFD /* Sources */,
				62ED7A3A25F038C300EEADFD /* Frameworks */,
				62ED7A3B25F038C300EEADFD /* Resources */,
				B4EC797A362D75B7E435796D /* [CP] Embed Pods Frameworks */,
			);
			buildRules = (
			);
			dependencies = (
			);
			name = Spaound;
			productName = Spaound;
			productReference = 62ED7A3D25F038C300EEADFD /* Spaound.app */;
			productType = "com.apple.product-type.application";
		};
/* End PBXNativeTarget section */

/* Begin PBXProject section */
		62ED7A3525F038C300EEADFD /* Project object */ = {
			isa = PBXProject;
			attributes = {
				LastSwiftUpdateCheck = 1240;
				LastUpgradeCheck = 1240;
				TargetAttributes = {
					62ED7A3C25F038C300EEADFD = {
						CreatedOnToolsVersion = 12.4;
					};
				};
			};
			buildConfigurationList = 62ED7A3825F038C300EEADFD /* Build configuration list for PBXProject "Spaound" */;
			compatibilityVersion = "Xcode 9.3";
			developmentRegion = en;
			hasScannedForEncodings = 0;
			knownRegions = (
				en,
				Base,
			);
			mainGroup = 62ED7A3425F038C300EEADFD;
			productRefGroup = 62ED7A3E25F038C300EEADFD /* Products */;
			projectDirPath = "";
			projectRoot = "";
			targets = (
				62ED7A3C25F038C300EEADFD /* Spaound */,
			);
		};
/* End PBXProject section */

/* Begin PBXResourcesBuildPhase section */
		62ED7A3B25F038C300EEADFD /* Resources */ = {
			isa = PBXResourcesBuildPhase;
			buildActionMask = 2147483647;
			files = (
				62ED7A6225F039EC00EEADFD /* LoginViewController.xib in Resources */,
				62ED7A4D25F038C500EEADFD /* LaunchScreen.storyboard in Resources */,
				624D764325F44A4A00A99B79 /* HomeViewController.xib in Resources */,
				624D764D25F453A300A99B79 /* CustomCellTableView.xib in Resources */,
				624D765F25F80CB900A99B79 /* TabBarViewController.xib in Resources */,
				624D764825F4505100A99B79 /* CustomCellCollectionView.xib in Resources */,
				62ED7A4A25F038C500EEADFD /* Assets.xcassets in Resources */,
				62ED7A7025F03A1F00EEADFD /* PhoneVerificationViewController.xib in Resources */,
				62E3C32425FCE8EB0013363C /* CustomCellDashboardTableView.xib in Resources */,
				624D763925F4417C00A99B79 /* SettingsViewController.xib in Resources */,
				624D75F525F2799500A99B79 /* DetailsViewController.xib in Resources */,
				628281BE25FE6506002A73E7 /* GoogleService-Info.plist in Resources */,
				62ED7A4825F038C300EEADFD /* Main.storyboard in Resources */,
				62ED7A5A25F039CE00EEADFD /* EntryAuthenticationViewController.xib in Resources */,
				62BB7F3C25FEC07D00CBE575 /* TableViewCustomCell.xib in Resources */,
				624D75FA25F279C800A99B79 /* DashboardFindViewController.xib in Resources */,
				624D75EF25F2798700A99B79 /* PopularSpacesViewController.xib in Resources */,
				62ED7A6925F03A0000EEADFD /* RegisterViewController.xib in Resources */,
			);
			runOnlyForDeploymentPostprocessing = 0;
		};
/* End PBXResourcesBuildPhase section */

/* Begin PBXShellScriptBuildPhase section */
		B4EC797A362D75B7E435796D /* [CP] Embed Pods Frameworks */ = {
			isa = PBXShellScriptBuildPhase;
			buildActionMask = 2147483647;
			files = (
			);
			inputFileListPaths = (
				"${PODS_ROOT}/Target Support Files/Pods-Spaound/Pods-Spaound-frameworks-${CONFIGURATION}-input-files.xcfilelist",
			);
			name = "[CP] Embed Pods Frameworks";
			outputFileListPaths = (
				"${PODS_ROOT}/Target Support Files/Pods-Spaound/Pods-Spaound-frameworks-${CONFIGURATION}-output-files.xcfilelist",
			);
			runOnlyForDeploymentPostprocessing = 0;
			shellPath = /bin/sh;
			shellScript = "\"${PODS_ROOT}/Target Support Files/Pods-Spaound/Pods-Spaound-frameworks.sh\"\n";
			showEnvVarsInLog = 0;
		};
		F4FBE32B6564923A958C7CB5 /* [CP] Check Pods Manifest.lock */ = {
			isa = PBXShellScriptBuildPhase;
			buildActionMask = 2147483647;
			files = (
			);
			inputFileListPaths = (
			);
			inputPaths = (
				"${PODS_PODFILE_DIR_PATH}/Podfile.lock",
				"${PODS_ROOT}/Manifest.lock",
			);
			name = "[CP] Check Pods Manifest.lock";
			outputFileListPaths = (
			);
			outputPaths = (
				"$(DERIVED_FILE_DIR)/Pods-Spaound-checkManifestLockResult.txt",
			);
			runOnlyForDeploymentPostprocessing = 0;
			shellPath = /bin/sh;
			shellScript = "diff \"${PODS_PODFILE_DIR_PATH}/Podfile.lock\" \"${PODS_ROOT}/Manifest.lock\" > /dev/null\nif [ $? != 0 ] ; then\n    # print error to STDERR\n    echo \"error: The sandbox is not in sync with the Podfile.lock. Run 'pod install' or update your CocoaPods installation.\" >&2\n    exit 1\nfi\n# This output is used by Xcode 'outputs' to avoid re-running this script phase.\necho \"SUCCESS\" > \"${SCRIPT_OUTPUT_FILE_0}\"\n";
			showEnvVarsInLog = 0;
		};
/* End PBXShellScriptBuildPhase section */

/* Begin PBXSourcesBuildPhase section */
		62ED7A3925F038C300EEADFD /* Sources */ = {
			isa = PBXSourcesBuildPhase;
			buildActionMask = 2147483647;
			files = (
				624D764C25F453A300A99B79 /* CustomCellTableView.swift in Sources */,
				62ED7AB625F05B5100EEADFD /* UserDatabaseManager.swift in Sources */,
				62ED7A6125F039EC00EEADFD /* LoginViewController.swift in Sources */,
				62ED7A6825F03A0000EEADFD /* RegisterViewController.swift in Sources */,
				62ED7A4125F038C300EEADFD /* AppDelegate.swift in Sources */,
				624D75EE25F2798700A99B79 /* PopularSpacesViewController.swift in Sources */,
				62E3C37E25FDA4C20013363C /* TableViewCustomCell.swift in Sources */,
				62E3C2F425FC32EE0013363C /* SpacesDatabaseInsert.swift in Sources */,
				624D75F925F279C800A99B79 /* DashboardFindViewController.swift in Sources */,
				624D764725F4505100A99B79 /* CustomCellCollectionView.swift in Sources */,
				624D765E25F80CB900A99B79 /* TabBarViewController.swift in Sources */,
				62CE8BD225FBD0E500E5ABFE /* SpacesDataManager.swift in Sources */,
				628281B525FE5787002A73E7 /* StorageManager.swift in Sources */,
				62ED7A4325F038C300EEADFD /* SceneDelegate.swift in Sources */,
				624D763825F4417C00A99B79 /* SettingsViewController.swift in Sources */,
				62ED7A6F25F03A1F00EEADFD /* PhoneVerificationViewController.swift in Sources */,
				62ED7A5925F039CE00EEADFD /* EntryAuthenticationViewController.swift in Sources */,
				624D75F425F2799500A99B79 /* DetailsViewController.swift in Sources */,
				624D764225F44A4A00A99B79 /* HomeViewController.swift in Sources */,
				62E3C32325FCE8EB0013363C /* CustomCellDashboardTableView.swift in Sources */,
			);
			runOnlyForDeploymentPostprocessing = 0;
		};
/* End PBXSourcesBuildPhase section */

/* Begin PBXVariantGroup section */
		62ED7A4625F038C300EEADFD /* Main.storyboard */ = {
			isa = PBXVariantGroup;
			children = (
				62ED7A4725F038C300EEADFD /* Base */,
			);
			name = Main.storyboard;
			sourceTree = "<group>";
		};
		62ED7A4B25F038C500EEADFD /* LaunchScreen.storyboard */ = {
			isa = PBXVariantGroup;
			children = (
				62ED7A4C25F038C500EEADFD /* Base */,
			);
			name = LaunchScreen.storyboard;
			sourceTree = "<group>";
		};
/* End PBXVariantGroup section */

/* Begin XCBuildConfiguration section */
		62ED7A4F25F038C500EEADFD /* Debug */ = {
			isa = XCBuildConfiguration;
			buildSettings = {
				ALWAYS_SEARCH_USER_PATHS = NO;
				CLANG_ANALYZER_NONNULL = YES;
				CLANG_ANALYZER_NUMBER_OBJECT_CONVERSION = YES_AGGRESSIVE;
				CLANG_CXX_LANGUAGE_STANDARD = "gnu++14";
				CLANG_CXX_LIBRARY = "libc++";
				CLANG_ENABLE_MODULES = YES;
				CLANG_ENABLE_OBJC_ARC = YES;
				CLANG_ENABLE_OBJC_WEAK = YES;
				CLANG_WARN_BLOCK_CAPTURE_AUTORELEASING = YES;
				CLANG_WARN_BOOL_CONVERSION = YES;
				CLANG_WARN_COMMA = YES;
				CLANG_WARN_CONSTANT_CONVERSION = YES;
				CLANG_WARN_DEPRECATED_OBJC_IMPLEMENTATIONS = YES;
				CLANG_WARN_DIRECT_OBJC_ISA_USAGE = YES_ERROR;
				CLANG_WARN_DOCUMENTATION_COMMENTS = YES;
				CLANG_WARN_EMPTY_BODY = YES;
				CLANG_WARN_ENUM_CONVERSION = YES;
				CLANG_WARN_INFINITE_RECURSION = YES;
				CLANG_WARN_INT_CONVERSION = YES;
				CLANG_WARN_NON_LITERAL_NULL_CONVERSION = YES;
				CLANG_WARN_OBJC_IMPLICIT_RETAIN_SELF = YES;
				CLANG_WARN_OBJC_LITERAL_CONVERSION = YES;
				CLANG_WARN_OBJC_ROOT_CLASS = YES_ERROR;
				CLANG_WARN_QUOTED_INCLUDE_IN_FRAMEWORK_HEADER = YES;
				CLANG_WARN_RANGE_LOOP_ANALYSIS = YES;
				CLANG_WARN_STRICT_PROTOTYPES = YES;
				CLANG_WARN_SUSPICIOUS_MOVE = YES;
				CLANG_WARN_UNGUARDED_AVAILABILITY = YES_AGGRESSIVE;
				CLANG_WARN_UNREACHABLE_CODE = YES;
				CLANG_WARN__DUPLICATE_METHOD_MATCH = YES;
				COPY_PHASE_STRIP = NO;
				DEBUG_INFORMATION_FORMAT = dwarf;
				ENABLE_STRICT_OBJC_MSGSEND = YES;
				ENABLE_TESTABILITY = YES;
				GCC_C_LANGUAGE_STANDARD = gnu11;
				GCC_DYNAMIC_NO_PIC = NO;
				GCC_NO_COMMON_BLOCKS = YES;
				GCC_OPTIMIZATION_LEVEL = 0;
				GCC_PREPROCESSOR_DEFINITIONS = (
					"DEBUG=1",
					"$(inherited)",
				);
				GCC_WARN_64_TO_32_BIT_CONVERSION = YES;
				GCC_WARN_ABOUT_RETURN_TYPE = YES_ERROR;
				GCC_WARN_UNDECLARED_SELECTOR = YES;
				GCC_WARN_UNINITIALIZED_AUTOS = YES_AGGRESSIVE;
				GCC_WARN_UNUSED_FUNCTION = YES;
				GCC_WARN_UNUSED_VARIABLE = YES;
				IPHONEOS_DEPLOYMENT_TARGET = 14.4;
				MTL_ENABLE_DEBUG_INFO = INCLUDE_SOURCE;
				MTL_FAST_MATH = YES;
				ONLY_ACTIVE_ARCH = YES;
				SDKROOT = iphoneos;
				SWIFT_ACTIVE_COMPILATION_CONDITIONS = DEBUG;
				SWIFT_OPTIMIZATION_LEVEL = "-Onone";
			};
			name = Debug;
		};
		62ED7A5025F038C500EEADFD /* Release */ = {
			isa = XCBuildConfiguration;
			buildSettings = {
				ALWAYS_SEARCH_USER_PATHS = NO;
				CLANG_ANALYZER_NONNULL = YES;
				CLANG_ANALYZER_NUMBER_OBJECT_CONVERSION = YES_AGGRESSIVE;
				CLANG_CXX_LANGUAGE_STANDARD = "gnu++14";
				CLANG_CXX_LIBRARY = "libc++";
				CLANG_ENABLE_MODULES = YES;
				CLANG_ENABLE_OBJC_ARC = YES;
				CLANG_ENABLE_OBJC_WEAK = YES;
				CLANG_WARN_BLOCK_CAPTURE_AUTORELEASING = YES;
				CLANG_WARN_BOOL_CONVERSION = YES;
				CLANG_WARN_COMMA = YES;
				CLANG_WARN_CONSTANT_CONVERSION = YES;
				CLANG_WARN_DEPRECATED_OBJC_IMPLEMENTATIONS = YES;
				CLANG_WARN_DIRECT_OBJC_ISA_USAGE = YES_ERROR;
				CLANG_WARN_DOCUMENTATION_COMMENTS = YES;
				CLANG_WARN_EMPTY_BODY = YES;
				CLANG_WARN_ENUM_CONVERSION = YES;
				CLANG_WARN_INFINITE_RECURSION = YES;
				CLANG_WARN_INT_CONVERSION = YES;
				CLANG_WARN_NON_LITERAL_NULL_CONVERSION = YES;
				CLANG_WARN_OBJC_IMPLICIT_RETAIN_SELF = YES;
				CLANG_WARN_OBJC_LITERAL_CONVERSION = YES;
				CLANG_WARN_OBJC_ROOT_CLASS = YES_ERROR;
				CLANG_WARN_QUOTED_INCLUDE_IN_FRAMEWORK_HEADER = YES;
				CLANG_WARN_RANGE_LOOP_ANALYSIS = YES;
				CLANG_WARN_STRICT_PROTOTYPES = YES;
				CLANG_WARN_SUSPICIOUS_MOVE = YES;
				CLANG_WARN_UNGUARDED_AVAILABILITY = YES_AGGRESSIVE;
				CLANG_WARN_UNREACHABLE_CODE = YES;
				CLANG_WARN__DUPLICATE_METHOD_MATCH = YES;
				COPY_PHASE_STRIP = NO;
				DEBUG_INFORMATION_FORMAT = "dwarf-with-dsym";
				ENABLE_NS_ASSERTIONS = NO;
				ENABLE_STRICT_OBJC_MSGSEND = YES;
				GCC_C_LANGUAGE_STANDARD = gnu11;
				GCC_NO_COMMON_BLOCKS = YES;
				GCC_WARN_64_TO_32_BIT_CONVERSION = YES;
				GCC_WARN_ABOUT_RETURN_TYPE = YES_ERROR;
				GCC_WARN_UNDECLARED_SELECTOR = YES;
				GCC_WARN_UNINITIALIZED_AUTOS = YES_AGGRESSIVE;
				GCC_WARN_UNUSED_FUNCTION = YES;
				GCC_WARN_UNUSED_VARIABLE = YES;
				IPHONEOS_DEPLOYMENT_TARGET = 14.4;
				MTL_ENABLE_DEBUG_INFO = NO;
				MTL_FAST_MATH = YES;
				SDKROOT = iphoneos;
				SWIFT_COMPILATION_MODE = wholemodule;
				SWIFT_OPTIMIZATION_LEVEL = "-O";
				VALIDATE_PRODUCT = YES;
			};
			name = Release;
		};
		62ED7A5225F038C500EEADFD /* Debug */ = {
			isa = XCBuildConfiguration;
			baseConfigurationReference = 1DC93737D3E9B9BE20A88067 /* Pods-Spaound.debug.xcconfig */;
			buildSettings = {
				ASSETCATALOG_COMPILER_APPICON_NAME = AppIcon;
				ASSETCATALOG_COMPILER_GLOBAL_ACCENT_COLOR_NAME = AccentColor;
				CODE_SIGN_ENTITLEMENTS = Spaound/Spaound.entitlements;
				CODE_SIGN_STYLE = Automatic;
				DEVELOPMENT_TEAM = SKQ6J4JJN6;
				INFOPLIST_FILE = Spaound/Info.plist;
				IPHONEOS_DEPLOYMENT_TARGET = 13.0;
				LD_RUNPATH_SEARCH_PATHS = (
					"$(inherited)",
					"@executable_path/Frameworks",
				);
				PRODUCT_BUNDLE_IDENTIFIER = Mahmoud.Spaound;
				PRODUCT_NAME = "$(TARGET_NAME)";
				SWIFT_VERSION = 5.0;
				TARGETED_DEVICE_FAMILY = "1,2";
			};
			name = Debug;
		};
		62ED7A5325F038C500EEADFD /* Release */ = {
			isa = XCBuildConfiguration;
			baseConfigurationReference = 6D51D75B69A192B95479B415 /* Pods-Spaound.release.xcconfig */;
			buildSettings = {
				ASSETCATALOG_COMPILER_APPICON_NAME = AppIcon;
				ASSETCATALOG_COMPILER_GLOBAL_ACCENT_COLOR_NAME = AccentColor;
				CODE_SIGN_ENTITLEMENTS = Spaound/Spaound.entitlements;
				CODE_SIGN_STYLE = Automatic;
				DEVELOPMENT_TEAM = SKQ6J4JJN6;
				INFOPLIST_FILE = Spaound/Info.plist;
				IPHONEOS_DEPLOYMENT_TARGET = 13.0;
				LD_RUNPATH_SEARCH_PATHS = (
					"$(inherited)",
					"@executable_path/Frameworks",
				);
				PRODUCT_BUNDLE_IDENTIFIER = Mahmoud.Spaound;
				PRODUCT_NAME = "$(TARGET_NAME)";
				SWIFT_VERSION = 5.0;
				TARGETED_DEVICE_FAMILY = "1,2";
			};
			name = Release;
		};
/* End XCBuildConfiguration section */

/* Begin XCConfigurationList section */
		62ED7A3825F038C300EEADFD /* Build configuration list for PBXProject "Spaound" */ = {
			isa = XCConfigurationList;
			buildConfigurations = (
				62ED7A4F25F038C500EEADFD /* Debug */,
				62ED7A5025F038C500EEADFD /* Release */,
			);
			defaultConfigurationIsVisible = 0;
			defaultConfigurationName = Release;
		};
		62ED7A5125F038C500EEADFD /* Build configuration list for PBXNativeTarget "Spaound" */ = {
			isa = XCConfigurationList;
			buildConfigurations = (
				62ED7A5225F038C500EEADFD /* Debug */,
				62ED7A5325F038C500EEADFD /* Release */,
			);
			defaultConfigurationIsVisible = 0;
			defaultConfigurationName = Release;
		};
/* End XCConfigurationList section */
	};
	rootObject = 62ED7A3525F038C300EEADFD /* Project object */;
}
